
Microsoft Visual Studio Solution File, Format Version 12.00
# Visual Studio Version 16
VisualStudioVersion = 16.0.29215.179
MinimumVisualStudioVersion = 10.0.40219.1
Project("{FAE04EC0-301F-11D3-BF4B-00C04F79EFBC}") = "Mis4200_SD", "Mis4200_SD.csproj", "{485C593D-91DD-4083-BD24-B488B2F83292}"
EndProject
Global
	GlobalSection(SolutionConfigurationPlatforms) = preSolution
		Debug|Any CPU = Debug|Any CPU
		Release|Any CPU = Release|Any CPU
	EndGlobalSection
	GlobalSection(ProjectConfigurationPlatforms) = postSolution
		{485C593D-91DD-4083-BD24-B488B2F83292}.Debug|Any CPU.ActiveCfg = Debug|Any CPU
		{485C593D-91DD-4083-BD24-B488B2F83292}.Debug|Any CPU.Build.0 = Debug|Any CPU
		{485C593D-91DD-4083-BD24-B488B2F83292}.Release|Any CPU.ActiveCfg = Release|Any CPU
		{485C593D-91DD-4083-BD24-B488B2F83292}.Release|Any CPU.Build.0 = Release|Any CPU
	EndGlobalSection
	GlobalSection(SolutionProperties) = preSolution
		HideSolutionNode = FALSE
	EndGlobalSection
	GlobalSection(ExtensibilityGlobals) = postSolution
		SolutionGuid = {8C6C0CE6-8D8A-4DB2-86CB-6714D4FA5CB9}
	EndGlobalSection
EndGlobal
